
Microsoft Visual Studio Solution File, Format Version 12.00
# Visual Studio Version 17
VisualStudioVersion = 17.4.33122.133
MinimumVisualStudioVersion = 10.0.40219.1
Project("{FAE04EC0-301F-11D3-BF4B-00C04F79EFBC}") = "MMTSpecFlowProject", "MMTSpecFlowProject\MMTSpecFlowProject.csproj", "{03B2BF29-FF65-4F8B-9384-0ED7651139AE}"
EndProject
Global
	GlobalSection(SolutionConfigurationPlatforms) = preSolution
		Debug|Any CPU = Debug|Any CPU
		Release|Any CPU = Release|Any CPU
	EndGlobalSection
	GlobalSection(ProjectConfigurationPlatforms) = postSolution
		{03B2BF29-FF65-4F8B-9384-0ED7651139AE}.Debug|Any CPU.ActiveCfg = Debug|Any CPU
		{03B2BF29-FF65-4F8B-9384-0ED7651139AE}.Debug|Any CPU.Build.0 = Debug|Any CPU
		{03B2BF29-FF65-4F8B-9384-0ED7651139AE}.Release|Any CPU.ActiveCfg = Release|Any CPU
		{03B2BF29-FF65-4F8B-9384-0ED7651139AE}.Release|Any CPU.Build.0 = Release|Any CPU
	EndGlobalSection
	GlobalSection(SolutionProperties) = preSolution
		HideSolutionNode = FALSE
	EndGlobalSection
	GlobalSection(ExtensibilityGlobals) = postSolution
		SolutionGuid = {5094AA70-98E8-48CC-94A2-D747E51A5D51}
	EndGlobalSection
EndGlobal
